
Microsoft Visual Studio Solution File, Format Version 12.00
# Visual Studio Version 17
VisualStudioVersion = 17.0.31903.59
MinimumVisualStudioVersion = 10.0.40219.1
Project("{2150E333-8FDC-42A3-9474-1A3956D46DE8}") = "src", "src", "{827E0CD3-B72D-47B6-A68D-7590B98EB39B}"
EndProject
Project("{FAE04EC0-301F-11D3-BF4B-00C04F79EFBC}") = "Sintek.Mail.Application", "src\Sintek.Mail.Application\Sintek.Mail.Application.csproj", "{692CA757-AB5F-4710-A3F3-9006C7EF992D}"
EndProject
Project("{FAE04EC0-301F-11D3-BF4B-00C04F79EFBC}") = "Sintek.Mail.Domain", "src\Sintek.Mail.Domain\Sintek.Mail.Domain.csproj", "{4F4D8638-2D97-4406-98B4-77104E39C4B3}"
EndProject
Project("{FAE04EC0-301F-11D3-BF4B-00C04F79EFBC}") = "Sintek.Mail.Infrastructure.Windows", "src\Sintek.Mail.Infrastructure.Windows\Sintek.Mail.Infrastructure.Windows.csproj", "{5B9F94F9-A827-4E30-9B0E-9DA7F146EB2D}"
EndProject
Project("{FAE04EC0-301F-11D3-BF4B-00C04F79EFBC}") = "Sintek.Mail.Infrastructure", "src\Sintek.Mail.Infrastructure\Sintek.Mail.Infrastructure.csproj", "{EB592D65-8B36-4B6F-8809-CBF53E4915FE}"
EndProject
Project("{FAE04EC0-301F-11D3-BF4B-00C04F79EFBC}") = "Sintek.Mail.Persistence", "src\Sintek.Mail.Persistence\Sintek.Mail.Persistence.csproj", "{7A7ECA68-C491-4526-A50E-3A35DDC8F828}"
EndProject
Project("{2150E333-8FDC-42A3-9474-1A3956D46DE8}") = "tests", "tests", "{0AB3BF05-4346-4AA6-1389-037BE0695223}"
EndProject
Project("{FAE04EC0-301F-11D3-BF4B-00C04F79EFBC}") = "Sintek.Mail.Application.Tests", "tests\Sintek.Mail.Application.Tests\Sintek.Mail.Application.Tests.csproj", "{5B3D0CE6-8717-413A-93E7-280A6BF32112}"
EndProject
Project("{FAE04EC0-301F-11D3-BF4B-00C04F79EFBC}") = "Sintek.Mail.Domain.Tests", "tests\Sintek.Mail.Domain.Tests\Sintek.Mail.Domain.Tests.csproj", "{34EB3D5C-DCB9-426C-82F8-5558158E9379}"
EndProject
Project("{FAE04EC0-301F-11D3-BF4B-00C04F79EFBC}") = "Sintek.Mail.Infrastructure.Tests", "tests\Sintek.Mail.Infrastructure.Tests\Sintek.Mail.Infrastructure.Tests.csproj", "{0298B206-4EE8-4AB1-8E21-DEEDA0D29C55}"
EndProject
Project("{FAE04EC0-301F-11D3-BF4B-00C04F79EFBC}") = "Sintek.Mail.Persistence.Tests", "tests\Sintek.Mail.Persistence.Tests\Sintek.Mail.Persistence.Tests.csproj", "{AE6F6CD9-AAB4-49D1-B838-D102EAF5AFBD}"
EndProject
Project("{FAE04EC0-301F-11D3-BF4B-00C04F79EFBC}") = "Sintek.Mail.App", "src\Sintek.Mail.App\Sintek.Mail.App.csproj", "{0FEA1190-6874-4328-8FD4-28F9F87AF01A}"
EndProject
Project("{FAE04EC0-301F-11D3-BF4B-00C04F79EFBC}") = "Sintek.Mail.Presentation", "src\Sintek.Mail.Presentation\Sintek.Mail.Presentation.csproj", "{60355F0C-ED08-4888-9B8D-B9F6D184859A}"
EndProject
Project("{FAE04EC0-301F-11D3-BF4B-00C04F79EFBC}") = "Sintek.Mail.Presentation.Tests", "tests\Sintek.Mail.Presentation.Tests\Sintek.Mail.Presentation.Tests.csproj", "{8ED8494E-65BD-42B0-AF22-1CF1F170B114}"
EndProject
Project("{FAE04EC0-301F-11D3-BF4B-00C04F79EFBC}") = "Sintek.Mail.Composition", "src\Sintek.Mail.Composition\Sintek.Mail.Composition.csproj", "{6108584B-3E33-49B7-B916-A5BE15AC2FDB}"
EndProject
Project("{FAE04EC0-301F-11D3-BF4B-00C04F79EFBC}") = "Sintek.Mail.Composition.Tests", "tests\Sintek.Mail.Composition.Tests\Sintek.Mail.Composition.Tests.csproj", "{7880BB5D-FF42-4CCD-9E08-67D20932E091}"
EndProject
Global
	GlobalSection(SolutionConfigurationPlatforms) = preSolution
		Debug|Any CPU = Debug|Any CPU
		Debug|x64 = Debug|x64
		Debug|x86 = Debug|x86
		Release|Any CPU = Release|Any CPU
		Release|x64 = Release|x64
		Release|x86 = Release|x86
	EndGlobalSection
	GlobalSection(ProjectConfigurationPlatforms) = postSolution
		{692CA757-AB5F-4710-A3F3-9006C7EF992D}.Debug|Any CPU.ActiveCfg = Debug|Any CPU
		{692CA757-AB5F-4710-A3F3-9006C7EF992D}.Debug|Any CPU.Build.0 = Debug|Any CPU
		{692CA757-AB5F-4710-A3F3-9006C7EF992D}.Debug|x64.ActiveCfg = Debug|Any CPU
		{692CA757-AB5F-4710-A3F3-9006C7EF992D}.Debug|x64.Build.0 = Debug|Any CPU
		{692CA757-AB5F-4710-A3F3-9006C7EF992D}.Debug|x86.ActiveCfg = Debug|Any CPU
		{692CA757-AB5F-4710-A3F3-9006C7EF992D}.Debug|x86.Build.0 = Debug|Any CPU
		{692CA757-AB5F-4710-A3F3-9006C7EF992D}.Release|Any CPU.ActiveCfg = Release|Any CPU
		{692CA757-AB5F-4710-A3F3-9006C7EF992D}.Release|Any CPU.Build.0 = Release|Any CPU
		{692CA757-AB5F-4710-A3F3-9006C7EF992D}.Release|x64.ActiveCfg = Release|Any CPU
		{692CA757-AB5F-4710-A3F3-9006C7EF992D}.Release|x64.Build.0 = Release|Any CPU
		{692CA757-AB5F-4710-A3F3-9006C7EF992D}.Release|x86.ActiveCfg = Release|Any CPU
		{692CA757-AB5F-4710-A3F3-9006C7EF992D}.Release|x86.Build.0 = Release|Any CPU
		{4F4D8638-2D97-4406-98B4-77104E39C4B3}.Debug|Any CPU.ActiveCfg = Debug|Any CPU
		{4F4D8638-2D97-4406-98B4-77104E39C4B3}.Debug|Any CPU.Build.0 = Debug|Any CPU
		{4F4D8638-2D97-4406-98B4-77104E39C4B3}.Debug|x64.ActiveCfg = Debug|Any CPU
		{4F4D8638-2D97-4406-98B4-77104E39C4B3}.Debug|x64.Build.0 = Debug|Any CPU
		{4F4D8638-2D97-4406-98B4-77104E39C4B3}.Debug|x86.ActiveCfg = Debug|Any CPU
		{4F4D8638-2D97-4406-98B4-77104E39C4B3}.Debug|x86.Build.0 = Debug|Any CPU
		{4F4D8638-2D97-4406-98B4-77104E39C4B3}.Release|Any CPU.ActiveCfg = Release|Any CPU
		{4F4D8638-2D97-4406-98B4-77104E39C4B3}.Release|Any CPU.Build.0 = Release|Any CPU
		{4F4D8638-2D97-4406-98B4-77104E39C4B3}.Release|x64.ActiveCfg = Release|Any CPU
		{4F4D8638-2D97-4406-98B4-77104E39C4B3}.Release|x64.Build.0 = Release|Any CPU
		{4F4D8638-2D97-4406-98B4-77104E39C4B3}.Release|x86.ActiveCfg = Release|Any CPU
		{4F4D8638-2D97-4406-98B4-77104E39C4B3}.Release|x86.Build.0 = Release|Any CPU
		{5B9F94F9-A827-4E30-9B0E-9DA7F146EB2D}.Debug|Any CPU.ActiveCfg = Debug|Any CPU
		{5B9F94F9-A827-4E30-9B0E-9DA7F146EB2D}.Debug|Any CPU.Build.0 = Debug|Any CPU
		{5B9F94F9-A827-4E30-9B0E-9DA7F146EB2D}.Debug|x64.ActiveCfg = Debug|Any CPU
		{5B9F94F9-A827-4E30-9B0E-9DA7F146EB2D}.Debug|x64.Build.0 = Debug|Any CPU
		{5B9F94F9-A827-4E30-9B0E-9DA7F146EB2D}.Debug|x86.ActiveCfg = Debug|Any CPU
		{5B9F94F9-A827-4E30-9B0E-9DA7F146EB2D}.Debug|x86.Build.0 = Debug|Any CPU
		{5B9F94F9-A827-4E30-9B0E-9DA7F146EB2D}.Release|Any CPU.ActiveCfg = Release|Any CPU
		{5B9F94F9-A827-4E30-9B0E-9DA7F146EB2D}.Release|Any CPU.Build.0 = Release|Any CPU
		{5B9F94F9-A827-4E30-9B0E-9DA7F146EB2D}.Release|x64.ActiveCfg = Release|Any CPU
		{5B9F94F9-A827-4E30-9B0E-9DA7F146EB2D}.Release|x64.Build.0 = Release|Any CPU
		{5B9F94F9-A827-4E30-9B0E-9DA7F146EB2D}.Release|x86.ActiveCfg = Release|Any CPU
		{5B9F94F9-A827-4E30-9B0E-9DA7F146EB2D}.Release|x86.Build.0 = Release|Any CPU
		{EB592D65-8B36-4B6F-8809-CBF53E4915FE}.Debug|Any CPU.ActiveCfg = Debug|Any CPU
		{EB592D65-8B36-4B6F-8809-CBF53E4915FE}.Debug|Any CPU.Build.0 = Debug|Any CPU
		{EB592D65-8B36-4B6F-8809-CBF53E4915FE}.Debug|x64.ActiveCfg = Debug|Any CPU
		{EB592D65-8B36-4B6F-8809-CBF53E4915FE}.Debug|x64.Build.0 = Debug|Any CPU
		{EB592D65-8B36-4B6F-8809-CBF53E4915FE}.Debug|x86.ActiveCfg = Debug|Any CPU
		{EB592D65-8B36-4B6F-8809-CBF53E4915FE}.Debug|x86.Build.0 = Debug|Any CPU
		{EB592D65-8B36-4B6F-8809-CBF53E4915FE}.Release|Any CPU.ActiveCfg = Release|Any CPU
		{EB592D65-8B36-4B6F-8809-CBF53E4915FE}.Release|Any CPU.Build.0 = Release|Any CPU
		{EB592D65-8B36-4B6F-8809-CBF53E4915FE}.Release|x64.ActiveCfg = Release|Any CPU
		{EB592D65-8B36-4B6F-8809-CBF53E4915FE}.Release|x64.Build.0 = Release|Any CPU
		{EB592D65-8B36-4B6F-8809-CBF53E4915FE}.Release|x86.ActiveCfg = Release|Any CPU
		{EB592D65-8B36-4B6F-8809-CBF53E4915FE}.Release|x86.Build.0 = Release|Any CPU
		{7A7ECA68-C491-4526-A50E-3A35DDC8F828}.Debug|Any CPU.ActiveCfg = Debug|Any CPU
		{7A7ECA68-C491-4526-A50E-3A35DDC8F828}.Debug|Any CPU.Build.0 = Debug|Any CPU
		{7A7ECA68-C491-4526-A50E-3A35DDC8F828}.Debug|x64.ActiveCfg = Debug|Any CPU
		{7A7ECA68-C491-4526-A50E-3A35DDC8F828}.Debug|x64.Build.0 = Debug|Any CPU
		{7A7ECA68-C491-4526-A50E-3A35DDC8F828}.Debug|x86.ActiveCfg = Debug|Any CPU
		{7A7ECA68-C491-4526-A50E-3A35DDC8F828}.Debug|x86.Build.0 = Debug|Any CPU
		{7A7ECA68-C491-4526-A50E-3A35DDC8F828}.Release|Any CPU.ActiveCfg = Release|Any CPU
		{7A7ECA68-C491-4526-A50E-3A35DDC8F828}.Release|Any CPU.Build.0 = Release|Any CPU
		{7A7ECA68-C491-4526-A50E-3A35DDC8F828}.Release|x64.ActiveCfg = Release|Any CPU
		{7A7ECA68-C491-4526-A50E-3A35DDC8F828}.Release|x64.Build.0 = Release|Any CPU
		{7A7ECA68-C491-4526-A50E-3A35DDC8F828}.Release|x86.ActiveCfg = Release|Any CPU
		{7A7ECA68-C491-4526-A50E-3A35DDC8F828}.Release|x86.Build.0 = Release|Any CPU
		{5B3D0CE6-8717-413A-93E7-280A6BF32112}.Debug|Any CPU.ActiveCfg = Debug|Any CPU
		{5B3D0CE6-8717-413A-93E7-280A6BF32112}.Debug|Any CPU.Build.0 = Debug|Any CPU
		{5B3D0CE6-8717-413A-93E7-280A6BF32112}.Debug|x64.ActiveCfg = Debug|Any CPU
		{5B3D0CE6-8717-413A-93E7-280A6BF32112}.Debug|x64.Build.0 = Debug|Any CPU
		{5B3D0CE6-8717-413A-93E7-280A6BF32112}.Debug|x86.ActiveCfg = Debug|Any CPU
		{5B3D0CE6-8717-413A-93E7-280A6BF32112}.Debug|x86.Build.0 = Debug|Any CPU
		{5B3D0CE6-8717-413A-93E7-280A6BF32112}.Release|Any CPU.ActiveCfg = Release|Any CPU
		{5B3D0CE6-8717-413A-93E7-280A6BF32112}.Release|Any CPU.Build.0 = Release|Any CPU
		{5B3D0CE6-8717-413A-93E7-280A6BF32112}.Release|x64.ActiveCfg = Release|Any CPU
		{5B3D0CE6-8717-413A-93E7-280A6BF32112}.Release|x64.Build.0 = Release|Any CPU
		{5B3D0CE6-8717-413A-93E7-280A6BF32112}.Release|x86.ActiveCfg = Release|Any CPU
		{5B3D0CE6-8717-413A-93E7-280A6BF32112}.Release|x86.Build.0 = Release|Any CPU
		{34EB3D5C-DCB9-426C-82F8-5558158E9379}.Debug|Any CPU.ActiveCfg = Debug|Any CPU
		{34EB3D5C-DCB9-426C-82F8-5558158E9379}.Debug|Any CPU.Build.0 = Debug|Any CPU
		{34EB3D5C-DCB9-426C-82F8-5558158E9379}.Debug|x64.ActiveCfg = Debug|Any CPU
		{34EB3D5C-DCB9-426C-82F8-5558158E9379}.Debug|x64.Build.0 = Debug|Any CPU
		{34EB3D5C-DCB9-426C-82F8-5558158E9379}.Debug|x86.ActiveCfg = Debug|Any CPU
		{34EB3D5C-DCB9-426C-82F8-5558158E9379}.Debug|x86.Build.0 = Debug|Any CPU
		{34EB3D5C-DCB9-426C-82F8-5558158E9379}.Release|Any CPU.ActiveCfg = Release|Any CPU
		{34EB3D5C-DCB9-426C-82F8-5558158E9379}.Release|Any CPU.Build.0 = Release|Any CPU
		{34EB3D5C-DCB9-426C-82F8-5558158E9379}.Release|x64.ActiveCfg = Release|Any CPU
		{34EB3D5C-DCB9-426C-82F8-5558158E9379}.Release|x64.Build.0 = Release|Any CPU
		{34EB3D5C-DCB9-426C-82F8-5558158E9379}.Release|x86.ActiveCfg = Release|Any CPU
		{34EB3D5C-DCB9-426C-82F8-5558158E9379}.Release|x86.Build.0 = Release|Any CPU
		{0298B206-4EE8-4AB1-8E21-DEEDA0D29C55}.Debug|Any CPU.ActiveCfg = Debug|Any CPU
		{0298B206-4EE8-4AB1-8E21-DEEDA0D29C55}.Debug|Any CPU.Build.0 = Debug|Any CPU
		{0298B206-4EE8-4AB1-8E21-DEEDA0D29C55}.Debug|x64.ActiveCfg = Debug|Any CPU
		{0298B206-4EE8-4AB1-8E21-DEEDA0D29C55}.Debug|x64.Build.0 = Debug|Any CPU
		{0298B206-4EE8-4AB1-8E21-DEEDA0D29C55}.Debug|x86.ActiveCfg = Debug|Any CPU
		{0298B206-4EE8-4AB1-8E21-DEEDA0D29C55}.Debug|x86.Build.0 = Debug|Any CPU
		{0298B206-4EE8-4AB1-8E21-DEEDA0D29C55}.Release|Any CPU.ActiveCfg = Release|Any CPU
		{0298B206-4EE8-4AB1-8E21-DEEDA0D29C55}.Release|Any CPU.Build.0 = Release|Any CPU
		{0298B206-4EE8-4AB1-8E21-DEEDA0D29C55}.Release|x64.ActiveCfg = Release|Any CPU
		{0298B206-4EE8-4AB1-8E21-DEEDA0D29C55}.Release|x64.Build.0 = Release|Any CPU
		{0298B206-4EE8-4AB1-8E21-DEEDA0D29C55}.Release|x86.ActiveCfg = Release|Any CPU
		{0298B206-4EE8-4AB1-8E21-DEEDA0D29C55}.Release|x86.Build.0 = Release|Any CPU
		{AE6F6CD9-AAB4-49D1-B838-D102EAF5AFBD}.Debug|Any CPU.ActiveCfg = Debug|Any CPU
		{AE6F6CD9-AAB4-49D1-B838-D102EAF5AFBD}.Debug|Any CPU.Build.0 = Debug|Any CPU
		{AE6F6CD9-AAB4-49D1-B838-D102EAF5AFBD}.Debug|x64.ActiveCfg = Debug|Any CPU
		{AE6F6CD9-AAB4-49D1-B838-D102EAF5AFBD}.Debug|x64.Build.0 = Debug|Any CPU
		{AE6F6CD9-AAB4-49D1-B838-D102EAF5AFBD}.Debug|x86.ActiveCfg = Debug|Any CPU
		{AE6F6CD9-AAB4-49D1-B838-D102EAF5AFBD}.Debug|x86.Build.0 = Debug|Any CPU
		{AE6F6CD9-AAB4-49D1-B838-D102EAF5AFBD}.Release|Any CPU.ActiveCfg = Release|Any CPU
		{AE6F6CD9-AAB4-49D1-B838-D102EAF5AFBD}.Release|Any CPU.Build.0 = Release|Any CPU
		{AE6F6CD9-AAB4-49D1-B838-D102EAF5AFBD}.Release|x64.ActiveCfg = Release|Any CPU
		{AE6F6CD9-AAB4-49D1-B838-D102EAF5AFBD}.Release|x64.Build.0 = Release|Any CPU
		{AE6F6CD9-AAB4-49D1-B838-D102EAF5AFBD}.Release|x86.ActiveCfg = Release|Any CPU
		{AE6F6CD9-AAB4-49D1-B838-D102EAF5AFBD}.Release|x86.Build.0 = Release|Any CPU
		{0FEA1190-6874-4328-8FD4-28F9F87AF01A}.Debug|Any CPU.ActiveCfg = Debug|x86
		{0FEA1190-6874-4328-8FD4-28F9F87AF01A}.Debug|Any CPU.Build.0 = Debug|x86
		{0FEA1190-6874-4328-8FD4-28F9F87AF01A}.Debug|x64.ActiveCfg = Debug|x64
		{0FEA1190-6874-4328-8FD4-28F9F87AF01A}.Debug|x64.Build.0 = Debug|x64
		{0FEA1190-6874-4328-8FD4-28F9F87AF01A}.Debug|x86.ActiveCfg = Debug|x86
		{0FEA1190-6874-4328-8FD4-28F9F87AF01A}.Debug|x86.Build.0 = Debug|x86
		{0FEA1190-6874-4328-8FD4-28F9F87AF01A}.Release|Any CPU.ActiveCfg = Release|x86
		{0FEA1190-6874-4328-8FD4-28F9F87AF01A}.Release|Any CPU.Build.0 = Release|x86
		{0FEA1190-6874-4328-8FD4-28F9F87AF01A}.Release|x64.ActiveCfg = Release|x64
		{0FEA1190-6874-4328-8FD4-28F9F87AF01A}.Release|x64.Build.0 = Release|x64
		{0FEA1190-6874-4328-8FD4-28F9F87AF01A}.Release|x86.ActiveCfg = Release|x86
		{0FEA1190-6874-4328-8FD4-28F9F87AF01A}.Release|x86.Build.0 = Release|x86
		{60355F0C-ED08-4888-9B8D-B9F6D184859A}.Debug|Any CPU.ActiveCfg = Debug|Any CPU
		{60355F0C-ED08-4888-9B8D-B9F6D184859A}.Debug|Any CPU.Build.0 = Debug|Any CPU
		{60355F0C-ED08-4888-9B8D-B9F6D184859A}.Debug|x64.ActiveCfg = Debug|Any CPU
		{60355F0C-ED08-4888-9B8D-B9F6D184859A}.Debug|x64.Build.0 = Debug|Any CPU
		{60355F0C-ED08-4888-9B8D-B9F6D184859A}.Debug|x86.ActiveCfg = Debug|Any CPU
		{60355F0C-ED08-4888-9B8D-B9F6D184859A}.Debug|x86.Build.0 = Debug|Any CPU
		{60355F0C-ED08-4888-9B8D-B9F6D184859A}.Release|Any CPU.ActiveCfg = Release|Any CPU
		{60355F0C-ED08-4888-9B8D-B9F6D184859A}.Release|Any CPU.Build.0 = Release|Any CPU
		{60355F0C-ED08-4888-9B8D-B9F6D184859A}.Release|x64.ActiveCfg = Release|Any CPU
		{60355F0C-ED08-4888-9B8D-B9F6D184859A}.Release|x64.Build.0 = Release|Any CPU
		{60355F0C-ED08-4888-9B8D-B9F6D184859A}.Release|x86.ActiveCfg = Release|Any CPU
		{60355F0C-ED08-4888-9B8D-B9F6D184859A}.Release|x86.Build.0 = Release|Any CPU
		{8ED8494E-65BD-42B0-AF22-1CF1F170B114}.Debug|Any CPU.ActiveCfg = Debug|Any CPU
		{8ED8494E-65BD-42B0-AF22-1CF1F170B114}.Debug|Any CPU.Build.0 = Debug|Any CPU
		{8ED8494E-65BD-42B0-AF22-1CF1F170B114}.Debug|x64.ActiveCfg = Debug|Any CPU
		{8ED8494E-65BD-42B0-AF22-1CF1F170B114}.Debug|x64.Build.0 = Debug|Any CPU
		{8ED8494E-65BD-42B0-AF22-1CF1F170B114}.Debug|x86.ActiveCfg = Debug|Any CPU
		{8ED8494E-65BD-42B0-AF22-1CF1F170B114}.Debug|x86.Build.0 = Debug|Any CPU
		{8ED8494E-65BD-42B0-AF22-1CF1F170B114}.Release|Any CPU.ActiveCfg = Release|Any CPU
		{8ED8494E-65BD-42B0-AF22-1CF1F170B114}.Release|Any CPU.Build.0 = Release|Any CPU
		{8ED8494E-65BD-42B0-AF22-1CF1F170B114}.Release|x64.ActiveCfg = Release|Any CPU
		{8ED8494E-65BD-42B0-AF22-1CF1F170B114}.Release|x64.Build.0 = Release|Any CPU
		{8ED8494E-65BD-42B0-AF22-1CF1F170B114}.Release|x86.ActiveCfg = Release|Any CPU
		{8ED8494E-65BD-42B0-AF22-1CF1F170B114}.Release|x86.Build.0 = Release|Any CPU
		{6108584B-3E33-49B7-B916-A5BE15AC2FDB}.Debug|Any CPU.ActiveCfg = Debug|Any CPU
		{6108584B-3E33-49B7-B916-A5BE15AC2FDB}.Debug|Any CPU.Build.0 = Debug|Any CPU
		{6108584B-3E33-49B7-B916-A5BE15AC2FDB}.Debug|x64.ActiveCfg = Debug|Any CPU
		{6108584B-3E33-49B7-B916-A5BE15AC2FDB}.Debug|x64.Build.0 = Debug|Any CPU
		{6108584B-3E33-49B7-B916-A5BE15AC2FDB}.Debug|x86.ActiveCfg = Debug|Any CPU
		{6108584B-3E33-49B7-B916-A5BE15AC2FDB}.Debug|x86.Build.0 = Debug|Any CPU
		{6108584B-3E33-49B7-B916-A5BE15AC2FDB}.Release|Any CPU.ActiveCfg = Release|Any CPU
		{6108584B-3E33-49B7-B916-A5BE15AC2FDB}.Release|Any CPU.Build.0 = Release|Any CPU
		{6108584B-3E33-49B7-B916-A5BE15AC2FDB}.Release|x64.ActiveCfg = Release|Any CPU
		{6108584B-3E33-49B7-B916-A5BE15AC2FDB}.Release|x64.Build.0 = Release|Any CPU
		{6108584B-3E33-49B7-B916-A5BE15AC2FDB}.Release|x86.ActiveCfg = Release|Any CPU
		{6108584B-3E33-49B7-B916-A5BE15AC2FDB}.Release|x86.Build.0 = Release|Any CPU
		{7880BB5D-FF42-4CCD-9E08-67D20932E091}.Debug|Any CPU.ActiveCfg = Debug|Any CPU
		{7880BB5D-FF42-4CCD-9E08-67D20932E091}.Debug|Any CPU.Build.0 = Debug|Any CPU
		{7880BB5D-FF42-4CCD-9E08-67D20932E091}.Debug|x64.ActiveCfg = Debug|Any CPU
		{7880BB5D-FF42-4CCD-9E08-67D20932E091}.Debug|x64.Build.0 = Debug|Any CPU
		{7880BB5D-FF42-4CCD-9E08-67D20932E091}.Debug|x86.ActiveCfg = Debug|Any CPU
		{7880BB5D-FF42-4CCD-9E08-67D20932E091}.Debug|x86.Build.0 = Debug|Any CPU
		{7880BB5D-FF42-4CCD-9E08-67D20932E091}.Release|Any CPU.ActiveCfg = Release|Any CPU
		{7880BB5D-FF42-4CCD-9E08-67D20932E091}.Release|Any CPU.Build.0 = Release|Any CPU
		{7880BB5D-FF42-4CCD-9E08-67D20932E091}.Release|x64.ActiveCfg = Release|Any CPU
		{7880BB5D-FF42-4CCD-9E08-67D20932E091}.Release|x64.Build.0 = Release|Any CPU
		{7880BB5D-FF42-4CCD-9E08-67D20932E091}.Release|x86.ActiveCfg = Release|Any CPU
		{7880BB5D-FF42-4CCD-9E08-67D20932E091}.Release|x86.Build.0 = Release|Any CPU
	EndGlobalSection
	GlobalSection(SolutionProperties) = preSolution
		HideSolutionNode = FALSE
	EndGlobalSection
	GlobalSection(NestedProjects) = preSolution
		{692CA757-AB5F-4710-A3F3-9006C7EF992D} = {827E0CD3-B72D-47B6-A68D-7590B98EB39B}
		{4F4D8638-2D97-4406-98B4-77104E39C4B3} = {827E0CD3-B72D-47B6-A68D-7590B98EB39B}
		{5B9F94F9-A827-4E30-9B0E-9DA7F146EB2D} = {827E0CD3-B72D-47B6-A68D-7590B98EB39B}
		{EB592D65-8B36-4B6F-8809-CBF53E4915FE} = {827E0CD3-B72D-47B6-A68D-7590B98EB39B}
		{7A7ECA68-C491-4526-A50E-3A35DDC8F828} = {827E0CD3-B72D-47B6-A68D-7590B98EB39B}
		{5B3D0CE6-8717-413A-93E7-280A6BF32112} = {0AB3BF05-4346-4AA6-1389-037BE0695223}
		{34EB3D5C-DCB9-426C-82F8-5558158E9379} = {0AB3BF05-4346-4AA6-1389-037BE0695223}
		{0298B206-4EE8-4AB1-8E21-DEEDA0D29C55} = {0AB3BF05-4346-4AA6-1389-037BE0695223}
		{AE6F6CD9-AAB4-49D1-B838-D102EAF5AFBD} = {0AB3BF05-4346-4AA6-1389-037BE0695223}
		{0FEA1190-6874-4328-8FD4-28F9F87AF01A} = {827E0CD3-B72D-47B6-A68D-7590B98EB39B}
		{60355F0C-ED08-4888-9B8D-B9F6D184859A} = {827E0CD3-B72D-47B6-A68D-7590B98EB39B}
		{8ED8494E-65BD-42B0-AF22-1CF1F170B114} = {0AB3BF05-4346-4AA6-1389-037BE0695223}
		{6108584B-3E33-49B7-B916-A5BE15AC2FDB} = {827E0CD3-B72D-47B6-A68D-7590B98EB39B}
		{7880BB5D-FF42-4CCD-9E08-67D20932E091} = {0AB3BF05-4346-4AA6-1389-037BE0695223}
	EndGlobalSection
EndGlobal
